{
  "name": "techandinfo",
  "version": "1.0.0",
  "lockfileVersion": 2,
  "requires": true,
  "packages": {
    "": {
      "name": "techandinfo",
      "version": "1.0.0",
      "license": "ISC",
      "devDependencies": {
        "combine-source-map": "^0.8.0",
        "csso": "^3.5.1",
        "netlify-plugin-submit-sitemap": "^0.4.0",
        "uglify-js": "^3.6.8"
      }
    },
    "node_modules/combine-source-map": {
      "version": "0.8.0",
      "resolved": "https://registry.npmjs.org/combine-source-map/-/combine-source-map-0.8.0.tgz",
      "integrity": "sha1-pY0N8ELBhvz4IqjoAV9UUNLXmos=",
      "dev": true,
      "dependencies": {
        "convert-source-map": "~1.1.0",
        "inline-source-map": "~0.6.0",
        "lodash.memoize": "~3.0.3",
        "source-map": "~0.5.3"
      }
    },
    "node_modules/convert-source-map": {
      "version": "1.1.3",
      "resolved": "https://registry.npmjs.org/convert-source-map/-/convert-source-map-1.1.3.tgz",
      "integrity": "sha1-SCnId+n+SbMWHzvzZziI4gRpmGA=",
      "dev": true
    },
    "node_modules/css-tree": {
      "version": "1.0.0-alpha.29",
      "resolved": "https://registry.npmjs.org/css-tree/-/css-tree-1.0.0-alpha.29.tgz",
      "integrity": "sha512-sRNb1XydwkW9IOci6iB2xmy8IGCj6r/fr+JWitvJ2JxQRPzN3T4AGGVWCMlVmVwM1gtgALJRmGIlWv5ppnGGkg==",
      "dev": true,
      "dependencies": {
        "mdn-data": "~1.1.0",
        "source-map": "^0.5.3"
      },
      "engines": {
        "node": ">=0.10.0"
      }
    },
    "node_modules/csso": {
      "version": "3.5.1",
      "resolved": "https://registry.npmjs.org/csso/-/csso-3.5.1.tgz",
      "integrity": "sha512-vrqULLffYU1Q2tLdJvaCYbONStnfkfimRxXNaGjxMldI0C7JPBC4rB1RyjhfdZ4m1frm8pM9uRPKH3d2knZ8gg==",
      "dev": true,
      "dependencies": {
        "css-tree": "1.0.0-alpha.29"
      },
      "engines": {
        "node": ">=0.10.0"
      }
    },
    "node_modules/data-uri-to-buffer": {
      "version": "4.0.0",
      "resolved": "https://registry.npmjs.org/data-uri-to-buffer/-/data-uri-to-buffer-4.0.0.tgz",
      "integrity": "sha512-Vr3mLBA8qWmcuschSLAOogKgQ/Jwxulv3RNE4FXnYWRGujzrRWQI4m12fQqRkwX06C0KanhLr4hK+GydchZsaA==",
      "dev": true,
      "engines": {
        "node": ">= 12"
      }
    },
    "node_modules/fetch-blob": {
      "version": "3.2.0",
      "resolved": "https://registry.npmjs.org/fetch-blob/-/fetch-blob-3.2.0.tgz",
      "integrity": "sha512-7yAQpD2UMJzLi1Dqv7qFYnPbaPx7ZfFK6PiIxQ4PfkGPyNyl2Ugx+a/umUonmKqjhM4DnfbMvdX6otXq83soQQ==",
      "dev": true,
      "funding": [
        {
          "type": "github",
          "url": "https://github.com/sponsors/jimmywarting"
        },
        {
          "type": "paypal",
          "url": "https://paypal.me/jimmywarting"
        }
      ],
      "dependencies": {
        "node-domexception": "^1.0.0",
        "web-streams-polyfill": "^3.0.3"
      },
      "engines": {
        "node": "^12.20 || >= 14.13"
      }
    },
    "node_modules/formdata-polyfill": {
      "version": "4.0.10",
      "resolved": "https://registry.npmjs.org/formdata-polyfill/-/formdata-polyfill-4.0.10.tgz",
      "integrity": "sha512-buewHzMvYL29jdeQTVILecSaZKnt/RJWjoZCF5OW60Z67/GmSLBkOFM7qh1PI3zFNtJbaZL5eQu1vLfazOwj4g==",
      "dev": true,
      "dependencies": {
        "fetch-blob": "^3.1.2"
      },
      "engines": {
        "node": ">=12.20.0"
      }
    },
    "node_modules/inline-source-map": {
      "version": "0.6.2",
      "resolved": "https://registry.npmjs.org/inline-source-map/-/inline-source-map-0.6.2.tgz",
      "integrity": "sha1-+Tk0ccGKedFyT4Y/o4tYY3Ct4qU=",
      "dev": true,
      "dependencies": {
        "source-map": "~0.5.3"
      }
    },
    "node_modules/lodash.memoize": {
      "version": "3.0.4",
      "resolved": "https://registry.npmjs.org/lodash.memoize/-/lodash.memoize-3.0.4.tgz",
      "integrity": "sha1-LcvSwofLwKVcxCMovQxzYVDVPj8=",
      "dev": true
    },
    "node_modules/mdn-data": {
      "version": "1.1.4",
      "resolved": "https://registry.npmjs.org/mdn-data/-/mdn-data-1.1.4.tgz",
      "integrity": "sha512-FSYbp3lyKjyj3E7fMl6rYvUdX0FBXaluGqlFoYESWQlyUTq8R+wp0rkFxoYFqZlHCvsUXGjyJmLQSnXToYhOSA==",
      "dev": true
    },
    "node_modules/netlify-plugin-submit-sitemap": {
      "version": "0.4.0",
      "resolved": "https://registry.npmjs.org/netlify-plugin-submit-sitemap/-/netlify-plugin-submit-sitemap-0.4.0.tgz",
      "integrity": "sha512-5ntDtSKZRHaCDrDXh4sH4V7lNEEsoi01lsmSUuqJ/ikPHf0XEErjsKba8TsM3iaZRYEHI9bQse3BWgguwuwIIQ==",
      "dev": true,
      "dependencies": {
        "node-fetch": "^3.2.3"
      }
    },
    "node_modules/node-domexception": {
      "version": "1.0.0",
      "resolved": "https://registry.npmjs.org/node-domexception/-/node-domexception-1.0.0.tgz",
      "integrity": "sha512-/jKZoMpw0F8GRwl4/eLROPA3cfcXtLApP0QzLmUT/HuPCZWyB7IY9ZrMeKw2O/nFIqPQB3PVM9aYm0F312AXDQ==",
      "dev": true,
      "funding": [
        {
          "type": "github",
          "url": "https://github.com/sponsors/jimmywarting"
        },
        {
          "type": "github",
          "url": "https://paypal.me/jimmywarting"
        }
      ],
      "engines": {
        "node": ">=10.5.0"
      }
    },
    "node_modules/node-fetch": {
      "version": "3.2.9",
      "resolved": "https://registry.npmjs.org/node-fetch/-/node-fetch-3.2.9.tgz",
      "integrity": "sha512-/2lI+DBecVvVm9tDhjziTVjo2wmTsSxSk58saUYP0P/fRJ3xxtfMDY24+CKTkfm0Dlhyn3CSXNL0SoRiCZ8Rzg==",
      "dev": true,
      "dependencies": {
        "data-uri-to-buffer": "^4.0.0",
        "fetch-blob": "^3.1.4",
        "formdata-polyfill": "^4.0.10"
      },
      "engines": {
        "node": "^12.20.0 || ^14.13.1 || >=16.0.0"
      },
      "funding": {
        "type": "opencollective",
        "url": "https://opencollective.com/node-fetch"
      }
    },
    "node_modules/source-map": {
      "version": "0.5.7",
      "resolved": "https://registry.npmjs.org/source-map/-/source-map-0.5.7.tgz",
      "integrity": "sha1-igOdLRAh0i0eoUyA2OpGi6LvP8w=",
      "dev": true,
      "engines": {
        "node": ">=0.10.0"
      }
    },
    "node_modules/uglify-js": {
      "version": "3.14.3",
      "resolved": "https://registry.npmjs.org/uglify-js/-/uglify-js-3.14.3.tgz",
      "integrity": "sha512-mic3aOdiq01DuSVx0TseaEzMIVqebMZ0Z3vaeDhFEh9bsc24hV1TFvN74reA2vs08D0ZWfNjAcJ3UbVLaBss+g==",
      "dev": true,
      "bin": {
        "uglifyjs": "bin/uglifyjs"
      },
      "engines": {
        "node": ">=0.8.0"
      }
    },
    "node_modules/web-streams-polyfill": {
      "version": "3.2.1",
      "resolved": "https://registry.npmjs.org/web-streams-polyfill/-/web-streams-polyfill-3.2.1.tgz",
      "integrity": "sha512-e0MO3wdXWKrLbL0DgGnUV7WHVuw9OUvL4hjgnPkIeEvESk74gAITi5G606JtZPp39cd8HA9VQzCIvA49LpPN5Q==",
      "dev": true,
      "engines": {
        "node": ">= 8"
      }
    }
  },
  "dependencies": {
    "combine-source-map": {
      "version": "0.8.0",
      "resolved": "https://registry.npmjs.org/combine-source-map/-/combine-source-map-0.8.0.tgz",
      "integrity": "sha1-pY0N8ELBhvz4IqjoAV9UUNLXmos=",
      "dev": true,
      "requires": {
        "convert-source-map": "~1.1.0",
        "inline-source-map": "~0.6.0",
        "lodash.memoize": "~3.0.3",
        "source-map": "~0.5.3"
      }
    },
    "convert-source-map": {
      "version": "1.1.3",
      "resolved": "https://registry.npmjs.org/convert-source-map/-/convert-source-map-1.1.3.tgz",
      "integrity": "sha1-SCnId+n+SbMWHzvzZziI4gRpmGA=",
      "dev": true
    },
    "css-tree": {
      "version": "1.0.0-alpha.29",
      "resolved": "https://registry.npmjs.org/css-tree/-/css-tree-1.0.0-alpha.29.tgz",
      "integrity": "sha512-sRNb1XydwkW9IOci6iB2xmy8IGCj6r/fr+JWitvJ2JxQRPzN3T4AGGVWCMlVmVwM1gtgALJRmGIlWv5ppnGGkg==",
      "dev": true,
      "requires": {
        "mdn-data": "~1.1.0",
        "source-map": "^0.5.3"
      }
    },
    "csso": {
      "version": "3.5.1",
      "resolved": "https://registry.npmjs.org/csso/-/csso-3.5.1.tgz",
      "integrity": "sha512-vrqULLffYU1Q2tLdJvaCYbONStnfkfimRxXNaGjxMldI0C7JPBC4rB1RyjhfdZ4m1frm8pM9uRPKH3d2knZ8gg==",
      "dev": true,
      "requires": {
        "css-tree": "1.0.0-alpha.29"
      }
    },
    "data-uri-to-buffer": {
      "version": "4.0.0",
      "resolved": "https://registry.npmjs.org/data-uri-to-buffer/-/data-uri-to-buffer-4.0.0.tgz",
      "integrity": "sha512-Vr3mLBA8qWmcuschSLAOogKgQ/Jwxulv3RNE4FXnYWRGujzrRWQI4m12fQqRkwX06C0KanhLr4hK+GydchZsaA==",
      "dev": true
    },
    "fetch-blob": {
      "version": "3.2.0",
      "resolved": "https://registry.npmjs.org/fetch-blob/-/fetch-blob-3.2.0.tgz",
      "integrity": "sha512-7yAQpD2UMJzLi1Dqv7qFYnPbaPx7ZfFK6PiIxQ4PfkGPyNyl2Ugx+a/umUonmKqjhM4DnfbMvdX6otXq83soQQ==",
      "dev": true,
      "requires": {
        "node-domexception": "^1.0.0",
        "web-streams-polyfill": "^3.0.3"
      }
    },
    "formdata-polyfill": {
      "version": "4.0.10",
      "resolved": "https://registry.npmjs.org/formdata-polyfill/-/formdata-polyfill-4.0.10.tgz",
      "integrity": "sha512-buewHzMvYL29jdeQTVILecSaZKnt/RJWjoZCF5OW60Z67/GmSLBkOFM7qh1PI3zFNtJbaZL5eQu1vLfazOwj4g==",
      "dev": true,
      "requires": {
        "fetch-blob": "^3.1.2"
      }
    },
    "inline-source-map": {
      "version": "0.6.2",
      "resolved": "https://registry.npmjs.org/inline-source-map/-/inline-source-map-0.6.2.tgz",
      "integrity": "sha1-+Tk0ccGKedFyT4Y/o4tYY3Ct4qU=",
      "dev": true,
      "requires": {
        "source-map": "~0.5.3"
      }
    },
    "lodash.memoize": {
      "version": "3.0.4",
      "resolved": "https://registry.npmjs.org/lodash.memoize/-/lodash.memoize-3.0.4.tgz",
      "integrity": "sha1-LcvSwofLwKVcxCMovQxzYVDVPj8=",
      "dev": true
    },
    "mdn-data": {
      "version": "1.1.4",
      "resolved": "https://registry.npmjs.org/mdn-data/-/mdn-data-1.1.4.tgz",
      "integrity": "sha512-FSYbp3lyKjyj3E7fMl6rYvUdX0FBXaluGqlFoYESWQlyUTq8R+wp0rkFxoYFqZlHCvsUXGjyJmLQSnXToYhOSA==",
      "dev": true
    },
    "netlify-plugin-submit-sitemap": {
      "version": "0.4.0",
      "resolved": "https://registry.npmjs.org/netlify-plugin-submit-sitemap/-/netlify-plugin-submit-sitemap-0.4.0.tgz",
      "integrity": "sha512-5ntDtSKZRHaCDrDXh4sH4V7lNEEsoi01lsmSUuqJ/ikPHf0XEErjsKba8TsM3iaZRYEHI9bQse3BWgguwuwIIQ==",
      "dev": true,
      "requires": {
        "node-fetch": "^3.2.3"
      }
    },
    "node-domexception": {
      "version": "1.0.0",
      "resolved": "https://registry.npmjs.org/node-domexception/-/node-domexception-1.0.0.tgz",
      "integrity": "sha512-/jKZoMpw0F8GRwl4/eLROPA3cfcXtLApP0QzLmUT/HuPCZWyB7IY9ZrMeKw2O/nFIqPQB3PVM9aYm0F312AXDQ==",
      "dev": true
    },
    "node-fetch": {
      "version": "3.2.9",
      "resolved": "https://registry.npmjs.org/node-fetch/-/node-fetch-3.2.9.tgz",
      "integrity": "sha512-/2lI+DBecVvVm9tDhjziTVjo2wmTsSxSk58saUYP0P/fRJ3xxtfMDY24+CKTkfm0Dlhyn3CSXNL0SoRiCZ8Rzg==",
      "dev": true,
      "requires": {
        "data-uri-to-buffer": "^4.0.0",
        "fetch-blob": "^3.1.4",
        "formdata-polyfill": "^4.0.10"
      }
    },
    "source-map": {
      "version": "0.5.7",
      "resolved": "https://registry.npmjs.org/source-map/-/source-map-0.5.7.tgz",
      "integrity": "sha1-igOdLRAh0i0eoUyA2OpGi6LvP8w=",
      "dev": true
    },
    "uglify-js": {
      "version": "3.14.3",
      "resolved": "https://registry.npmjs.org/uglify-js/-/uglify-js-3.14.3.tgz",
      "integrity": "sha512-mic3aOdiq01DuSVx0TseaEzMIVqebMZ0Z3vaeDhFEh9bsc24hV1TFvN74reA2vs08D0ZWfNjAcJ3UbVLaBss+g==",
      "dev": true
    },
    "web-streams-polyfill": {
      "version": "3.2.1",
      "resolved": "https://registry.npmjs.org/web-streams-polyfill/-/web-streams-polyfill-3.2.1.tgz",
      "integrity": "sha512-e0MO3wdXWKrLbL0DgGnUV7WHVuw9OUvL4hjgnPkIeEvESk74gAITi5G606JtZPp39cd8HA9VQzCIvA49LpPN5Q==",
      "dev": true
    }
  }
}
